
Microsoft Visual Studio Solution File, Format Version 12.00
# Visual Studio 2013
VisualStudioVersion = 12.0.30723.0
MinimumVisualStudioVersion = 10.0.40219.1
Project("{FAE04EC0-301F-11D3-BF4B-00C04F79EFBC}") = "Finanzas", "Finanzas\Finanzas.csproj", "{859DB267-2D89-4F7C-8C9A-706F373D61A4}"
EndProject
Project("{FAE04EC0-301F-11D3-BF4B-00C04F79EFBC}") = "BLL", "BLL\BLL.csproj", "{FBA72D76-3BEB-4EB9-960F-5A23F30B22C7}"
EndProject
Project("{FAE04EC0-301F-11D3-BF4B-00C04F79EFBC}") = "DAL", "DAL\DAL.csproj", "{80249A4C-103E-4B5D-AB1F-9858658B3829}"
EndProject
Project("{2150E333-8FDC-42A3-9474-1A3956D46DE8}") = ".nuget", ".nuget", "{B2F46BD0-E1F0-435A-84C1-889AAD1ED7A9}"
	ProjectSection(SolutionItems) = preProject
		.nuget\NuGet.Config = .nuget\NuGet.Config
		.nuget\NuGet.exe = .nuget\NuGet.exe
		.nuget\NuGet.targets = .nuget\NuGet.targets
	EndProjectSection
EndProject
Global
	GlobalSection(SolutionConfigurationPlatforms) = preSolution
		Debug|Any CPU = Debug|Any CPU
		Release|Any CPU = Release|Any CPU
	EndGlobalSection
	GlobalSection(ProjectConfigurationPlatforms) = postSolution
		{859DB267-2D89-4F7C-8C9A-706F373D61A4}.Debug|Any CPU.ActiveCfg = Debug|Any CPU
		{859DB267-2D89-4F7C-8C9A-706F373D61A4}.Debug|Any CPU.Build.0 = Debug|Any CPU
		{859DB267-2D89-4F7C-8C9A-706F373D61A4}.Release|Any CPU.ActiveCfg = Release|Any CPU
		{859DB267-2D89-4F7C-8C9A-706F373D61A4}.Release|Any CPU.Build.0 = Release|Any CPU
		{FBA72D76-3BEB-4EB9-960F-5A23F30B22C7}.Debug|Any CPU.ActiveCfg = Debug|Any CPU
		{FBA72D76-3BEB-4EB9-960F-5A23F30B22C7}.Debug|Any CPU.Build.0 = Debug|Any CPU
		{FBA72D76-3BEB-4EB9-960F-5A23F30B22C7}.Release|Any CPU.ActiveCfg = Release|Any CPU
		{FBA72D76-3BEB-4EB9-960F-5A23F30B22C7}.Release|Any CPU.Build.0 = Release|Any CPU
		{80249A4C-103E-4B5D-AB1F-9858658B3829}.Debug|Any CPU.ActiveCfg = Debug|Any CPU
		{80249A4C-103E-4B5D-AB1F-9858658B3829}.Debug|Any CPU.Build.0 = Debug|Any CPU
		{80249A4C-103E-4B5D-AB1F-9858658B3829}.Release|Any CPU.ActiveCfg = Release|Any CPU
		{80249A4C-103E-4B5D-AB1F-9858658B3829}.Release|Any CPU.Build.0 = Release|Any CPU
	EndGlobalSection
	GlobalSection(SolutionProperties) = preSolution
		HideSolutionNode = FALSE
	EndGlobalSection
EndGlobal
